// !$*UTF8*$!
{
	archiveVersion = 1;
	classes = {
	};
	objectVersion = 51;
	objects = {

/* Begin PBXBuildFile section */
		4035D93D26CAD0C500EE764F /* AppDelegate.swift in Sources */ = {isa = PBXBuildFile; fileRef = 4035D93C26CAD0C500EE764F /* AppDelegate.swift */; };
		4035D93F26CAD0C500EE764F /* SceneDelegate.swift in Sources */ = {isa = PBXBuildFile; fileRef = 4035D93E26CAD0C500EE764F /* SceneDelegate.swift */; };
		4035D94126CAD0C500EE764F /* ViewController.swift in Sources */ = {isa = PBXBuildFile; fileRef = 4035D94026CAD0C500EE764F /* ViewController.swift */; };
		4035D94426CAD0C500EE764F /* Main.storyboard in Resources */ = {isa = PBXBuildFile; fileRef = 4035D94226CAD0C500EE764F /* Main.storyboard */; };
		4035D94626CAD0CB00EE764F /* Assets.xcassets in Resources */ = {isa = PBXBuildFile; fileRef = 4035D94526CAD0CB00EE764F /* Assets.xcassets */; };
		4035D94926CAD0CB00EE764F /* LaunchScreen.storyboard in Resources */ = {isa = PBXBuildFile; fileRef = 4035D94726CAD0CB00EE764F /* LaunchScreen.storyboard */; };
		40E8249C26CDFDDB00BDBDE5 /* Weather.swift in Sources */ = {isa = PBXBuildFile; fileRef = 40E8249B26CDFDDB00BDBDE5 /* Weather.swift */; };
		86EE59A3E42215212F51E14C /* Pods_TyWeather.framework in Frameworks */ = {isa = PBXBuildFile; fileRef = 658251899704CA787025280C /* Pods_TyWeather.framework */; };
/* End PBXBuildFile section */

/* Begin PBXFileReference section */
		0D3D97EA9A65D9F782E8561D /* Pods-TyWeather.debug.xcconfig */ = {isa = PBXFileReference; includeInIndex = 1; lastKnownFileType = text.xcconfig; name = "Pods-TyWeather.debug.xcconfig"; path = "Target Support Files/Pods-TyWeather/Pods-TyWeather.debug.xcconfig"; sourceTree = "<group>"; };
		4035D93926CAD0C500EE764F /* TyWeather.app */ = {isa = PBXFileReference; explicitFileType = wrapper.application; includeInIndex = 0; path = TyWeather.app; sourceTree = BUILT_PRODUCTS_DIR; };
		4035D93C26CAD0C500EE764F /* AppDelegate.swift */ = {isa = PBXFileReference; lastKnownFileType = sourcecode.swift; path = AppDelegate.swift; sourceTree = "<group>"; };
		4035D93E26CAD0C500EE764F /* SceneDelegate.swift */ = {isa = PBXFileReference; lastKnownFileType = sourcecode.swift; path = SceneDelegate.swift; sourceTree = "<group>"; };
		4035D94026CAD0C500EE764F /* ViewController.swift */ = {isa = PBXFileReference; lastKnownFileType = sourcecode.swift; path = ViewController.swift; sourceTree = "<group>"; };
		4035D94326CAD0C500EE764F /* Base */ = {isa = PBXFileReference; lastKnownFileType = file.storyboard; name = Base; path = Base.lproj/Main.storyboard; sourceTree = "<group>"; };
		4035D94526CAD0CB00EE764F /* Assets.xcassets */ = {isa = PBXFileReference; lastKnownFileType = folder.assetcatalog; path = Assets.xcassets; sourceTree = "<group>"; };
		4035D94826CAD0CB00EE764F /* Base */ = {isa = PBXFileReference; lastKnownFileType = file.storyboard; name = Base; path = Base.lproj/LaunchScreen.storyboard; sourceTree = "<group>"; };
		4035D94A26CAD0CB00EE764F /* Info.plist */ = {isa = PBXFileReference; lastKnownFileType = text.plist.xml; path = Info.plist; sourceTree = "<group>"; };
		40E8249B26CDFDDB00BDBDE5 /* Weather.swift */ = {isa = PBXFileReference; lastKnownFileType = sourcecode.swift; path = Weather.swift; sourceTree = "<group>"; };
		658251899704CA787025280C /* Pods_TyWeather.framework */ = {isa = PBXFileReference; explicitFileType = wrapper.framework; includeInIndex = 0; path = Pods_TyWeather.framework; sourceTree = BUILT_PRODUCTS_DIR; };
		8ACC37BE60F04FF49D3A3862 /* Pods-TyWeather.release.xcconfig */ = {isa = PBXFileReference; includeInIndex = 1; lastKnownFileType = text.xcconfig; name = "Pods-TyWeather.release.xcconfig"; path = "Target Support Files/Pods-TyWeather/Pods-TyWeather.release.xcconfig"; sourceTree = "<group>"; };
/* End PBXFileReference section */

/* Begin PBXFrameworksBuildPhase section */
		4035D93626CAD0C500EE764F /* Frameworks */ = {
			isa = PBXFrameworksBuildPhase;
			buildActionMask = 2147483647;
			files = (
				86EE59A3E42215212F51E14C /* Pods_TyWeather.framework in Frameworks */,
			);
			runOnlyForDeploymentPostprocessing = 0;
		};
/* End PBXFrameworksBuildPhase section */

/* Begin PBXGroup section */
		021C37BA4E829DEDF1EB9B2E /* Pods */ = {
			isa = PBXGroup;
			children = (
				0D3D97EA9A65D9F782E8561D /* Pods-TyWeather.debug.xcconfig */,
				8ACC37BE60F04FF49D3A3862 /* Pods-TyWeather.release.xcconfig */,
			);
			path = Pods;
			sourceTree = "<group>";
		};
		1386502D8AC0BDA595CA3AAF /* Frameworks */ = {
			isa = PBXGroup;
			children = (
				658251899704CA787025280C /* Pods_TyWeather.framework */,
			);
			name = Frameworks;
			sourceTree = "<group>";
		};
		4035D93026CAD0C500EE764F = {
			isa = PBXGroup;
			children = (
				4035D93B26CAD0C500EE764F /* TyWeather */,
				4035D93A26CAD0C500EE764F /* Products */,
				021C37BA4E829DEDF1EB9B2E /* Pods */,
				1386502D8AC0BDA595CA3AAF /* Frameworks */,
			);
			sourceTree = "<group>";
		};
		4035D93A26CAD0C500EE764F /* Products */ = {
			isa = PBXGroup;
			children = (
				4035D93926CAD0C500EE764F /* TyWeather.app */,
			);
			name = Products;
			sourceTree = "<group>";
		};
		4035D93B26CAD0C500EE764F /* TyWeather */ = {
			isa = PBXGroup;
			children = (
				4035D93C26CAD0C500EE764F /* AppDelegate.swift */,
				4035D93E26CAD0C500EE764F /* SceneDelegate.swift */,
				40E8249D26CDFF5F00BDBDE5 /* Model */,
				40E8249E26CDFFB900BDBDE5 /* Controller */,
				4035D94226CAD0C500EE764F /* Main.storyboard */,
				4035D94526CAD0CB00EE764F /* Assets.xcassets */,
				4035D94726CAD0CB00EE764F /* LaunchScreen.storyboard */,
				4035D94A26CAD0CB00EE764F /* Info.plist */,
			);
			path = TyWeather;
			sourceTree = "<group>";
		};
		40E8249D26CDFF5F00BDBDE5 /* Model */ = {
			isa = PBXGroup;
			children = (
				40E8249B26CDFDDB00BDBDE5 /* Weather.swift */,
			);
			path = Model;
			sourceTree = "<group>";
		};
		40E8249E26CDFFB900BDBDE5 /* Controller */ = {
			isa = PBXGroup;
			children = (
				4035D94026CAD0C500EE764F /* ViewController.swift */,
			);
			path = Controller;
			sourceTree = "<group>";
		};
/* End PBXGroup section */

/* Begin PBXNativeTarget section */
		4035D93826CAD0C500EE764F /* TyWeather */ = {
			isa = PBXNativeTarget;
			buildConfigurationList = 4035D94D26CAD0CB00EE764F /* Build configuration list for PBXNativeTarget "TyWeather" */;
			buildPhases = (
				5074037FC5A4C318ABFAE1CB /* [CP] Check Pods Manifest.lock */,
				4035D93526CAD0C500EE764F /* Sources */,
				4035D93626CAD0C500EE764F /* Frameworks */,
				4035D93726CAD0C500EE764F /* Resources */,
				8DC7E6874AF1DEDD44C79D07 /* [CP] Embed Pods Frameworks */,
			);
			buildRules = (
			);
			dependencies = (
			);
			name = TyWeather;
			productName = TyWeather;
			productReference = 4035D93926CAD0C500EE764F /* TyWeather.app */;
			productType = "com.apple.product-type.application";
		};
/* End PBXNativeTarget section */

/* Begin PBXProject section */
		4035D93126CAD0C500EE764F /* Project object */ = {
			isa = PBXProject;
			attributes = {
				LastSwiftUpdateCheck = 1250;
				LastUpgradeCheck = 1250;
				TargetAttributes = {
					4035D93826CAD0C500EE764F = {
						CreatedOnToolsVersion = 12.5.1;
					};
				};
			};
			buildConfigurationList = 4035D93426CAD0C500EE764F /* Build configuration list for PBXProject "TyWeather" */;
			compatibilityVersion = "Xcode 9.3";
			developmentRegion = en;
			hasScannedForEncodings = 0;
			knownRegions = (
				en,
				Base,
			);
			mainGroup = 4035D93026CAD0C500EE764F;
			productRefGroup = 4035D93A26CAD0C500EE764F /* Products */;
			projectDirPath = "";
			projectRoot = "";
			targets = (
				4035D93826CAD0C500EE764F /* TyWeather */,
			);
		};
/* End PBXProject section */

/* Begin PBXResourcesBuildPhase section */
		4035D93726CAD0C500EE764F /* Resources */ = {
			isa = PBXResourcesBuildPhase;
			buildActionMask = 2147483647;
			files = (
				4035D94926CAD0CB00EE764F /* LaunchScreen.storyboard in Resources */,
				4035D94626CAD0CB00EE764F /* Assets.xcassets in Resources */,
				4035D94426CAD0C500EE764F /* Main.storyboard in Resources */,
			);
			runOnlyForDeploymentPostprocessing = 0;
		};
/* End PBXResourcesBuildPhase section */

/* Begin PBXShellScriptBuildPhase section */
		5074037FC5A4C318ABFAE1CB /* [CP] Check Pods Manifest.lock */ = {
			isa = PBXShellScriptBuildPhase;
			buildActionMask = 2147483647;
			files = (
			);
			inputFileListPaths = (
			);
			inputPaths = (
				"${PODS_PODFILE_DIR_PATH}/Podfile.lock",
				"${PODS_ROOT}/Manifest.lock",
			);
			name = "[CP] Check Pods Manifest.lock";
			outputFileListPaths = (
			);
			outputPaths = (
				"$(DERIVED_FILE_DIR)/Pods-TyWeather-checkManifestLockResult.txt",
			);
			runOnlyForDeploymentPostprocessing = 0;
			shellPath = /bin/sh;
			shellScript = "diff \"${PODS_PODFILE_DIR_PATH}/Podfile.lock\" \"${PODS_ROOT}/Manifest.lock\" > /dev/null\nif [ $? != 0 ] ; then\n    # print error to STDERR\n    echo \"error: The sandbox is not in sync with the Podfile.lock. Run 'pod install' or update your CocoaPods installation.\" >&2\n    exit 1\nfi\n# This output is used by Xcode 'outputs' to avoid re-running this script phase.\necho \"SUCCESS\" > \"${SCRIPT_OUTPUT_FILE_0}\"\n";
			showEnvVarsInLog = 0;
		};
		8DC7E6874AF1DEDD44C79D07 /* [CP] Embed Pods Frameworks */ = {
			isa = PBXShellScriptBuildPhase;
			buildActionMask = 2147483647;
			files = (
			);
			inputFileListPaths = (
				"${PODS_ROOT}/Target Support Files/Pods-TyWeather/Pods-TyWeather-frameworks-${CONFIGURATION}-input-files.xcfilelist",
			);
			name = "[CP] Embed Pods Frameworks";
			outputFileListPaths = (
				"${PODS_ROOT}/Target Support Files/Pods-TyWeather/Pods-TyWeather-frameworks-${CONFIGURATION}-output-files.xcfilelist",
			);
			runOnlyForDeploymentPostprocessing = 0;
			shellPath = /bin/sh;
			shellScript = "\"${PODS_ROOT}/Target Support Files/Pods-TyWeather/Pods-TyWeather-frameworks.sh\"\n";
			showEnvVarsInLog = 0;
		};
/* End PBXShellScriptBuildPhase section */

/* Begin PBXSourcesBuildPhase section */
		4035D93526CAD0C500EE764F /* Sources */ = {
			isa = PBXSourcesBuildPhase;
			buildActionMask = 2147483647;
			files = (
				40E8249C26CDFDDB00BDBDE5 /* Weather.swift in Sources */,
				4035D94126CAD0C500EE764F /* ViewController.swift in Sources */,
				4035D93D26CAD0C500EE764F /* AppDelegate.swift in Sources */,
				4035D93F26CAD0C500EE764F /* SceneDelegate.swift in Sources */,
			);
			runOnlyForDeploymentPostprocessing = 0;
		};
/* End PBXSourcesBuildPhase section */

/* Begin PBXVariantGroup section */
		4035D94226CAD0C500EE764F /* Main.storyboard */ = {
			isa = PBXVariantGroup;
			children = (
				4035D94326CAD0C500EE764F /* Base */,
			);
			name = Main.storyboard;
			sourceTree = "<group>";
		};
		4035D94726CAD0CB00EE764F /* LaunchScreen.storyboard */ = {
			isa = PBXVariantGroup;
			children = (
				4035D94826CAD0CB00EE764F /* Base */,
			);
			name = LaunchScreen.storyboard;
			sourceTree = "<group>";
		};
/* End PBXVariantGroup section */

/* Begin XCBuildConfiguration section */
		4035D94B26CAD0CB00EE764F /* Debug */ = {
			isa = XCBuildConfiguration;
			buildSettings = {
				ALWAYS_SEARCH_USER_PATHS = NO;
				CLANG_ANALYZER_NONNULL = YES;
				CLANG_ANALYZER_NUMBER_OBJECT_CONVERSION = YES_AGGRESSIVE;
				CLANG_CXX_LANGUAGE_STANDARD = "gnu++14";
				CLANG_CXX_LIBRARY = "libc++";
				CLANG_ENABLE_MODULES = YES;
				CLANG_ENABLE_OBJC_ARC = YES;
				CLANG_ENABLE_OBJC_WEAK = YES;
				CLANG_WARN_BLOCK_CAPTURE_AUTORELEASING = YES;
				CLANG_WARN_BOOL_CONVERSION = YES;
				CLANG_WARN_COMMA = YES;
				CLANG_WARN_CONSTANT_CONVERSION = YES;
				CLANG_WARN_DEPRECATED_OBJC_IMPLEMENTATIONS = YES;
				CLANG_WARN_DIRECT_OBJC_ISA_USAGE = YES_ERROR;
				CLANG_WARN_DOCUMENTATION_COMMENTS = YES;
				CLANG_WARN_EMPTY_BODY = YES;
				CLANG_WARN_ENUM_CONVERSION = YES;
				CLANG_WARN_INFINITE_RECURSION = YES;
				CLANG_WARN_INT_CONVERSION = YES;
				CLANG_WARN_NON_LITERAL_NULL_CONVERSION = YES;
				CLANG_WARN_OBJC_IMPLICIT_RETAIN_SELF = YES;
				CLANG_WARN_OBJC_LITERAL_CONVERSION = YES;
				CLANG_WARN_OBJC_ROOT_CLASS = YES_ERROR;
				CLANG_WARN_QUOTED_INCLUDE_IN_FRAMEWORK_HEADER = YES;
				CLANG_WARN_RANGE_LOOP_ANALYSIS = YES;
				CLANG_WARN_STRICT_PROTOTYPES = YES;
				CLANG_WARN_SUSPICIOUS_MOVE = YES;
				CLANG_WARN_UNGUARDED_AVAILABILITY = YES_AGGRESSIVE;
				CLANG_WARN_UNREACHABLE_CODE = YES;
				CLANG_WARN__DUPLICATE_METHOD_MATCH = YES;
				COPY_PHASE_STRIP = NO;
				DEBUG_INFORMATION_FORMAT = dwarf;
				ENABLE_STRICT_OBJC_MSGSEND = YES;
				ENABLE_TESTABILITY = YES;
				GCC_C_LANGUAGE_STANDARD = gnu11;
				GCC_DYNAMIC_NO_PIC = NO;
				GCC_NO_COMMON_BLOCKS = YES;
				GCC_OPTIMIZATION_LEVEL = 0;
				GCC_PREPROCESSOR_DEFINITIONS = (
					"DEBUG=1",
					"$(inherited)",
				);
				GCC_WARN_64_TO_32_BIT_CONVERSION = YES;
				GCC_WARN_ABOUT_RETURN_TYPE = YES_ERROR;
				GCC_WARN_UNDECLARED_SELECTOR = YES;
				GCC_WARN_UNINITIALIZED_AUTOS = YES_AGGRESSIVE;
				GCC_WARN_UNUSED_FUNCTION = YES;
				GCC_WARN_UNUSED_VARIABLE = YES;
				IPHONEOS_DEPLOYMENT_TARGET = 14.5;
				MTL_ENABLE_DEBUG_INFO = INCLUDE_SOURCE;
				MTL_FAST_MATH = YES;
				ONLY_ACTIVE_ARCH = YES;
				SDKROOT = iphoneos;
				SWIFT_ACTIVE_COMPILATION_CONDITIONS = DEBUG;
				SWIFT_OPTIMIZATION_LEVEL = "-Onone";
			};
			name = Debug;
		};
		4035D94C26CAD0CB00EE764F /* Release */ = {
			isa = XCBuildConfiguration;
			buildSettings = {
				ALWAYS_SEARCH_USER_PATHS = NO;
				CLANG_ANALYZER_NONNULL = YES;
				CLANG_ANALYZER_NUMBER_OBJECT_CONVERSION = YES_AGGRESSIVE;
				CLANG_CXX_LANGUAGE_STANDARD = "gnu++14";
				CLANG_CXX_LIBRARY = "libc++";
				CLANG_ENABLE_MODULES = YES;
				CLANG_ENABLE_OBJC_ARC = YES;
				CLANG_ENABLE_OBJC_WEAK = YES;
				CLANG_WARN_BLOCK_CAPTURE_AUTORELEASING = YES;
				CLANG_WARN_BOOL_CONVERSION = YES;
				CLANG_WARN_COMMA = YES;
				CLANG_WARN_CONSTANT_CONVERSION = YES;
				CLANG_WARN_DEPRECATED_OBJC_IMPLEMENTATIONS = YES;
				CLANG_WARN_DIRECT_OBJC_ISA_USAGE = YES_ERROR;
				CLANG_WARN_DOCUMENTATION_COMMENTS = YES;
				CLANG_WARN_EMPTY_BODY = YES;
				CLANG_WARN_ENUM_CONVERSION = YES;
				CLANG_WARN_INFINITE_RECURSION = YES;
				CLANG_WARN_INT_CONVERSION = YES;
				CLANG_WARN_NON_LITERAL_NULL_CONVERSION = YES;
				CLANG_WARN_OBJC_IMPLICIT_RETAIN_SELF = YES;
				CLANG_WARN_OBJC_LITERAL_CONVERSION = YES;
				CLANG_WARN_OBJC_ROOT_CLASS = YES_ERROR;
				CLANG_WARN_QUOTED_INCLUDE_IN_FRAMEWORK_HEADER = YES;
				CLANG_WARN_RANGE_LOOP_ANALYSIS = YES;
				CLANG_WARN_STRICT_PROTOTYPES = YES;
				CLANG_WARN_SUSPICIOUS_MOVE = YES;
				CLANG_WARN_UNGUARDED_AVAILABILITY = YES_AGGRESSIVE;
				CLANG_WARN_UNREACHABLE_CODE = YES;
				CLANG_WARN__DUPLICATE_METHOD_MATCH = YES;
				COPY_PHASE_STRIP = NO;
				DEBUG_INFORMATION_FORMAT = "dwarf-with-dsym";
				ENABLE_NS_ASSERTIONS = NO;
				ENABLE_STRICT_OBJC_MSGSEND = YES;
				GCC_C_LANGUAGE_STANDARD = gnu11;
				GCC_NO_COMMON_BLOCKS = YES;
				GCC_WARN_64_TO_32_BIT_CONVERSION = YES;
				GCC_WARN_ABOUT_RETURN_TYPE = YES_ERROR;
				GCC_WARN_UNDECLARED_SELECTOR = YES;
				GCC_WARN_UNINITIALIZED_AUTOS = YES_AGGRESSIVE;
				GCC_WARN_UNUSED_FUNCTION = YES;
				GCC_WARN_UNUSED_VARIABLE = YES;
				IPHONEOS_DEPLOYMENT_TARGET = 14.5;
				MTL_ENABLE_DEBUG_INFO = NO;
				MTL_FAST_MATH = YES;
				SDKROOT = iphoneos;
				SWIFT_COMPILATION_MODE = wholemodule;
				SWIFT_OPTIMIZATION_LEVEL = "-O";
				VALIDATE_PRODUCT = YES;
			};
			name = Release;
		};
		4035D94E26CAD0CB00EE764F /* Debug */ = {
			isa = XCBuildConfiguration;
			baseConfigurationReference = 0D3D97EA9A65D9F782E8561D /* Pods-TyWeather.debug.xcconfig */;
			buildSettings = {
				ASSETCATALOG_COMPILER_APPICON_NAME = AppIcon;
				ASSETCATALOG_COMPILER_GLOBAL_ACCENT_COLOR_NAME = AccentColor;
				CODE_SIGN_STYLE = Automatic;
				DEVELOPMENT_TEAM = J3S8A9SGQ4;
				INFOPLIST_FILE = TyWeather/Info.plist;
				LD_RUNPATH_SEARCH_PATHS = (
					"$(inherited)",
					"@executable_path/Frameworks",
				);
				PRODUCT_BUNDLE_IDENTIFIER = com.qyyzxty.TyWeather;
				PRODUCT_NAME = "$(TARGET_NAME)";
				SWIFT_VERSION = 5.0;
				TARGETED_DEVICE_FAMILY = "1,2";
			};
			name = Debug;
		};
		4035D94F26CAD0CB00EE764F /* Release */ = {
			isa = XCBuildConfiguration;
			baseConfigurationReference = 8ACC37BE60F04FF49D3A3862 /* Pods-TyWeather.release.xcconfig */;
			buildSettings = {
				ASSETCATALOG_COMPILER_APPICON_NAME = AppIcon;
				ASSETCATALOG_COMPILER_GLOBAL_ACCENT_COLOR_NAME = AccentColor;
				CODE_SIGN_STYLE = Automatic;
				DEVELOPMENT_TEAM = J3S8A9SGQ4;
				INFOPLIST_FILE = TyWeather/Info.plist;
				LD_RUNPATH_SEARCH_PATHS = (
					"$(inherited)",
					"@executable_path/Frameworks",
				);
				PRODUCT_BUNDLE_IDENTIFIER = com.qyyzxty.TyWeather;
				PRODUCT_NAME = "$(TARGET_NAME)";
				SWIFT_VERSION = 5.0;
				TARGETED_DEVICE_FAMILY = "1,2";
			};
			name = Release;
		};
/* End XCBuildConfiguration section */

/* Begin XCConfigurationList section */
		4035D93426CAD0C500EE764F /* Build configuration list for PBXProject "TyWeather" */ = {
			isa = XCConfigurationList;
			buildConfigurations = (
				4035D94B26CAD0CB00EE764F /* Debug */,
				4035D94C26CAD0CB00EE764F /* Release */,
			);
			defaultConfigurationIsVisible = 0;
			defaultConfigurationName = Release;
		};
		4035D94D26CAD0CB00EE764F /* Build configuration list for PBXNativeTarget "TyWeather" */ = {
			isa = XCConfigurationList;
			buildConfigurations = (
				4035D94E26CAD0CB00EE764F /* Debug */,
				4035D94F26CAD0CB00EE764F /* Release */,
			);
			defaultConfigurationIsVisible = 0;
			defaultConfigurationName = Release;
		};
/* End XCConfigurationList section */
	};
	rootObject = 4035D93126CAD0C500EE764F /* Project object */;
}
