// !$*UTF8*$!
{
	archiveVersion = 1;
	classes = {
	};
	objectVersion = 50;
	objects = {

/* Begin PBXBuildFile section */
		405A6E44271E9138008B8480 /* Todo.xcdatamodeld in Sources */ = {isa = PBXBuildFile; fileRef = 405A6E42271E9138008B8480 /* Todo.xcdatamodeld */; };
		40BB61AC26D4C46700D08212 /* AppDelegate.swift in Sources */ = {isa = PBXBuildFile; fileRef = 40BB61AB26D4C46700D08212 /* AppDelegate.swift */; };
		40BB61AE26D4C46700D08212 /* SceneDelegate.swift in Sources */ = {isa = PBXBuildFile; fileRef = 40BB61AD26D4C46700D08212 /* SceneDelegate.swift */; };
		40BB61B326D4C46700D08212 /* Main.storyboard in Resources */ = {isa = PBXBuildFile; fileRef = 40BB61B126D4C46700D08212 /* Main.storyboard */; };
		40BB61B526D4C46B00D08212 /* Assets.xcassets in Resources */ = {isa = PBXBuildFile; fileRef = 40BB61B426D4C46B00D08212 /* Assets.xcassets */; };
		40BB61B826D4C46B00D08212 /* LaunchScreen.storyboard in Resources */ = {isa = PBXBuildFile; fileRef = 40BB61B626D4C46B00D08212 /* LaunchScreen.storyboard */; };
		40BB61C226D4C5C400D08212 /* TodosController.swift in Sources */ = {isa = PBXBuildFile; fileRef = 40BB61C126D4C5C400D08212 /* TodosController.swift */; };
		40BB61C626DE248900D08212 /* TodoCell.swift in Sources */ = {isa = PBXBuildFile; fileRef = 40BB61C526DE248900D08212 /* TodoCell.swift */; };
		40BB61CB26DF46FB00D08212 /* TodoController.swift in Sources */ = {isa = PBXBuildFile; fileRef = 40BB61CA26DF46FB00D08212 /* TodoController.swift */; };
/* End PBXBuildFile section */

/* Begin PBXFileReference section */
		405A6E43271E9138008B8480 /* Todo.xcdatamodel */ = {isa = PBXFileReference; lastKnownFileType = wrapper.xcdatamodel; path = Todo.xcdatamodel; sourceTree = "<group>"; };
		40BB61A826D4C46700D08212 /* Todos.app */ = {isa = PBXFileReference; explicitFileType = wrapper.application; includeInIndex = 0; path = Todos.app; sourceTree = BUILT_PRODUCTS_DIR; };
		40BB61AB26D4C46700D08212 /* AppDelegate.swift */ = {isa = PBXFileReference; lastKnownFileType = sourcecode.swift; path = AppDelegate.swift; sourceTree = "<group>"; };
		40BB61AD26D4C46700D08212 /* SceneDelegate.swift */ = {isa = PBXFileReference; lastKnownFileType = sourcecode.swift; path = SceneDelegate.swift; sourceTree = "<group>"; };
		40BB61B226D4C46700D08212 /* Base */ = {isa = PBXFileReference; lastKnownFileType = file.storyboard; name = Base; path = Base.lproj/Main.storyboard; sourceTree = "<group>"; };
		40BB61B426D4C46B00D08212 /* Assets.xcassets */ = {isa = PBXFileReference; lastKnownFileType = folder.assetcatalog; path = Assets.xcassets; sourceTree = "<group>"; };
		40BB61B726D4C46B00D08212 /* Base */ = {isa = PBXFileReference; lastKnownFileType = file.storyboard; name = Base; path = Base.lproj/LaunchScreen.storyboard; sourceTree = "<group>"; };
		40BB61B926D4C46B00D08212 /* Info.plist */ = {isa = PBXFileReference; lastKnownFileType = text.plist.xml; path = Info.plist; sourceTree = "<group>"; };
		40BB61C126D4C5C400D08212 /* TodosController.swift */ = {isa = PBXFileReference; lastKnownFileType = sourcecode.swift; path = TodosController.swift; sourceTree = "<group>"; };
		40BB61C526DE248900D08212 /* TodoCell.swift */ = {isa = PBXFileReference; lastKnownFileType = sourcecode.swift; path = TodoCell.swift; sourceTree = "<group>"; };
		40BB61CA26DF46FB00D08212 /* TodoController.swift */ = {isa = PBXFileReference; lastKnownFileType = sourcecode.swift; path = TodoController.swift; sourceTree = "<group>"; };
/* End PBXFileReference section */

/* Begin PBXFrameworksBuildPhase section */
		40BB61A526D4C46700D08212 /* Frameworks */ = {
			isa = PBXFrameworksBuildPhase;
			buildActionMask = 2147483647;
			files = (
			);
			runOnlyForDeploymentPostprocessing = 0;
		};
/* End PBXFrameworksBuildPhase section */

/* Begin PBXGroup section */
		40BB619F26D4C46700D08212 = {
			isa = PBXGroup;
			children = (
				40BB61AA26D4C46700D08212 /* Todos */,
				40BB61A926D4C46700D08212 /* Products */,
			);
			sourceTree = "<group>";
		};
		40BB61A926D4C46700D08212 /* Products */ = {
			isa = PBXGroup;
			children = (
				40BB61A826D4C46700D08212 /* Todos.app */,
			);
			name = Products;
			sourceTree = "<group>";
		};
		40BB61AA26D4C46700D08212 /* Todos */ = {
			isa = PBXGroup;
			children = (
				40BB61C726DE28D500D08212 /* Model */,
				40BB61C326D4C5CE00D08212 /* controller */,
				40BB61AD26D4C46700D08212 /* SceneDelegate.swift */,
				40BB61C426D4C5E400D08212 /* view */,
				40BB61B426D4C46B00D08212 /* Assets.xcassets */,
				40BB61B926D4C46B00D08212 /* Info.plist */,
			);
			path = Todos;
			sourceTree = "<group>";
		};
		40BB61C326D4C5CE00D08212 /* controller */ = {
			isa = PBXGroup;
			children = (
				40BB61AB26D4C46700D08212 /* AppDelegate.swift */,
				40BB61C126D4C5C400D08212 /* TodosController.swift */,
				40BB61C526DE248900D08212 /* TodoCell.swift */,
				40BB61CA26DF46FB00D08212 /* TodoController.swift */,
			);
			path = controller;
			sourceTree = "<group>";
		};
		40BB61C426D4C5E400D08212 /* view */ = {
			isa = PBXGroup;
			children = (
				40BB61B126D4C46700D08212 /* Main.storyboard */,
				40BB61B626D4C46B00D08212 /* LaunchScreen.storyboard */,
			);
			path = view;
			sourceTree = "<group>";
		};
		40BB61C726DE28D500D08212 /* Model */ = {
			isa = PBXGroup;
			children = (
				405A6E42271E9138008B8480 /* Todo.xcdatamodeld */,
			);
			path = Model;
			sourceTree = "<group>";
		};
/* End PBXGroup section */

/* Begin PBXNativeTarget section */
		40BB61A726D4C46700D08212 /* Todos */ = {
			isa = PBXNativeTarget;
			buildConfigurationList = 40BB61BC26D4C46B00D08212 /* Build configuration list for PBXNativeTarget "Todos" */;
			buildPhases = (
				40BB61A426D4C46700D08212 /* Sources */,
				40BB61A526D4C46700D08212 /* Frameworks */,
				40BB61A626D4C46700D08212 /* Resources */,
			);
			buildRules = (
			);
			dependencies = (
			);
			name = Todos;
			productName = Todos;
			productReference = 40BB61A826D4C46700D08212 /* Todos.app */;
			productType = "com.apple.product-type.application";
		};
/* End PBXNativeTarget section */

/* Begin PBXProject section */
		40BB61A026D4C46700D08212 /* Project object */ = {
			isa = PBXProject;
			attributes = {
				LastSwiftUpdateCheck = 1250;
				LastUpgradeCheck = 1250;
				TargetAttributes = {
					40BB61A726D4C46700D08212 = {
						CreatedOnToolsVersion = 12.5.1;
					};
				};
			};
			buildConfigurationList = 40BB61A326D4C46700D08212 /* Build configuration list for PBXProject "Todos" */;
			compatibilityVersion = "Xcode 9.3";
			developmentRegion = en;
			hasScannedForEncodings = 0;
			knownRegions = (
				en,
				Base,
			);
			mainGroup = 40BB619F26D4C46700D08212;
			productRefGroup = 40BB61A926D4C46700D08212 /* Products */;
			projectDirPath = "";
			projectRoot = "";
			targets = (
				40BB61A726D4C46700D08212 /* Todos */,
			);
		};
/* End PBXProject section */

/* Begin PBXResourcesBuildPhase section */
		40BB61A626D4C46700D08212 /* Resources */ = {
			isa = PBXResourcesBuildPhase;
			buildActionMask = 2147483647;
			files = (
				40BB61B826D4C46B00D08212 /* LaunchScreen.storyboard in Resources */,
				40BB61B526D4C46B00D08212 /* Assets.xcassets in Resources */,
				40BB61B326D4C46700D08212 /* Main.storyboard in Resources */,
			);
			runOnlyForDeploymentPostprocessing = 0;
		};
/* End PBXResourcesBuildPhase section */

/* Begin PBXSourcesBuildPhase section */
		40BB61A426D4C46700D08212 /* Sources */ = {
			isa = PBXSourcesBuildPhase;
			buildActionMask = 2147483647;
			files = (
				40BB61AC26D4C46700D08212 /* AppDelegate.swift in Sources */,
				405A6E44271E9138008B8480 /* Todo.xcdatamodeld in Sources */,
				40BB61AE26D4C46700D08212 /* SceneDelegate.swift in Sources */,
				40BB61C226D4C5C400D08212 /* TodosController.swift in Sources */,
				40BB61CB26DF46FB00D08212 /* TodoController.swift in Sources */,
				40BB61C626DE248900D08212 /* TodoCell.swift in Sources */,
			);
			runOnlyForDeploymentPostprocessing = 0;
		};
/* End PBXSourcesBuildPhase section */

/* Begin PBXVariantGroup section */
		40BB61B126D4C46700D08212 /* Main.storyboard */ = {
			isa = PBXVariantGroup;
			children = (
				40BB61B226D4C46700D08212 /* Base */,
			);
			name = Main.storyboard;
			sourceTree = "<group>";
		};
		40BB61B626D4C46B00D08212 /* LaunchScreen.storyboard */ = {
			isa = PBXVariantGroup;
			children = (
				40BB61B726D4C46B00D08212 /* Base */,
			);
			name = LaunchScreen.storyboard;
			sourceTree = "<group>";
		};
/* End PBXVariantGroup section */

/* Begin XCBuildConfiguration section */
		40BB61BA26D4C46B00D08212 /* Debug */ = {
			isa = XCBuildConfiguration;
			buildSettings = {
				ALWAYS_SEARCH_USER_PATHS = NO;
				CLANG_ANALYZER_NONNULL = YES;
				CLANG_ANALYZER_NUMBER_OBJECT_CONVERSION = YES_AGGRESSIVE;
				CLANG_CXX_LANGUAGE_STANDARD = "gnu++14";
				CLANG_CXX_LIBRARY = "libc++";
				CLANG_ENABLE_MODULES = YES;
				CLANG_ENABLE_OBJC_ARC = YES;
				CLANG_ENABLE_OBJC_WEAK = YES;
				CLANG_WARN_BLOCK_CAPTURE_AUTORELEASING = YES;
				CLANG_WARN_BOOL_CONVERSION = YES;
				CLANG_WARN_COMMA = YES;
				CLANG_WARN_CONSTANT_CONVERSION = YES;
				CLANG_WARN_DEPRECATED_OBJC_IMPLEMENTATIONS = YES;
				CLANG_WARN_DIRECT_OBJC_ISA_USAGE = YES_ERROR;
				CLANG_WARN_DOCUMENTATION_COMMENTS = YES;
				CLANG_WARN_EMPTY_BODY = YES;
				CLANG_WARN_ENUM_CONVERSION = YES;
				CLANG_WARN_INFINITE_RECURSION = YES;
				CLANG_WARN_INT_CONVERSION = YES;
				CLANG_WARN_NON_LITERAL_NULL_CONVERSION = YES;
				CLANG_WARN_OBJC_IMPLICIT_RETAIN_SELF = YES;
				CLANG_WARN_OBJC_LITERAL_CONVERSION = YES;
				CLANG_WARN_OBJC_ROOT_CLASS = YES_ERROR;
				CLANG_WARN_QUOTED_INCLUDE_IN_FRAMEWORK_HEADER = YES;
				CLANG_WARN_RANGE_LOOP_ANALYSIS = YES;
				CLANG_WARN_STRICT_PROTOTYPES = YES;
				CLANG_WARN_SUSPICIOUS_MOVE = YES;
				CLANG_WARN_UNGUARDED_AVAILABILITY = YES_AGGRESSIVE;
				CLANG_WARN_UNREACHABLE_CODE = YES;
				CLANG_WARN__DUPLICATE_METHOD_MATCH = YES;
				COPY_PHASE_STRIP = NO;
				DEBUG_INFORMATION_FORMAT = dwarf;
				ENABLE_STRICT_OBJC_MSGSEND = YES;
				ENABLE_TESTABILITY = YES;
				GCC_C_LANGUAGE_STANDARD = gnu11;
				GCC_DYNAMIC_NO_PIC = NO;
				GCC_NO_COMMON_BLOCKS = YES;
				GCC_OPTIMIZATION_LEVEL = 0;
				GCC_PREPROCESSOR_DEFINITIONS = (
					"DEBUG=1",
					"$(inherited)",
				);
				GCC_WARN_64_TO_32_BIT_CONVERSION = YES;
				GCC_WARN_ABOUT_RETURN_TYPE = YES_ERROR;
				GCC_WARN_UNDECLARED_SELECTOR = YES;
				GCC_WARN_UNINITIALIZED_AUTOS = YES_AGGRESSIVE;
				GCC_WARN_UNUSED_FUNCTION = YES;
				GCC_WARN_UNUSED_VARIABLE = YES;
				IPHONEOS_DEPLOYMENT_TARGET = 14.5;
				MTL_ENABLE_DEBUG_INFO = INCLUDE_SOURCE;
				MTL_FAST_MATH = YES;
				ONLY_ACTIVE_ARCH = YES;
				SDKROOT = iphoneos;
				SWIFT_ACTIVE_COMPILATION_CONDITIONS = DEBUG;
				SWIFT_OPTIMIZATION_LEVEL = "-Onone";
			};
			name = Debug;
		};
		40BB61BB26D4C46B00D08212 /* Release */ = {
			isa = XCBuildConfiguration;
			buildSettings = {
				ALWAYS_SEARCH_USER_PATHS = NO;
				CLANG_ANALYZER_NONNULL = YES;
				CLANG_ANALYZER_NUMBER_OBJECT_CONVERSION = YES_AGGRESSIVE;
				CLANG_CXX_LANGUAGE_STANDARD = "gnu++14";
				CLANG_CXX_LIBRARY = "libc++";
				CLANG_ENABLE_MODULES = YES;
				CLANG_ENABLE_OBJC_ARC = YES;
				CLANG_ENABLE_OBJC_WEAK = YES;
				CLANG_WARN_BLOCK_CAPTURE_AUTORELEASING = YES;
				CLANG_WARN_BOOL_CONVERSION = YES;
				CLANG_WARN_COMMA = YES;
				CLANG_WARN_CONSTANT_CONVERSION = YES;
				CLANG_WARN_DEPRECATED_OBJC_IMPLEMENTATIONS = YES;
				CLANG_WARN_DIRECT_OBJC_ISA_USAGE = YES_ERROR;
				CLANG_WARN_DOCUMENTATION_COMMENTS = YES;
				CLANG_WARN_EMPTY_BODY = YES;
				CLANG_WARN_ENUM_CONVERSION = YES;
				CLANG_WARN_INFINITE_RECURSION = YES;
				CLANG_WARN_INT_CONVERSION = YES;
				CLANG_WARN_NON_LITERAL_NULL_CONVERSION = YES;
				CLANG_WARN_OBJC_IMPLICIT_RETAIN_SELF = YES;
				CLANG_WARN_OBJC_LITERAL_CONVERSION = YES;
				CLANG_WARN_OBJC_ROOT_CLASS = YES_ERROR;
				CLANG_WARN_QUOTED_INCLUDE_IN_FRAMEWORK_HEADER = YES;
				CLANG_WARN_RANGE_LOOP_ANALYSIS = YES;
				CLANG_WARN_STRICT_PROTOTYPES = YES;
				CLANG_WARN_SUSPICIOUS_MOVE = YES;
				CLANG_WARN_UNGUARDED_AVAILABILITY = YES_AGGRESSIVE;
				CLANG_WARN_UNREACHABLE_CODE = YES;
				CLANG_WARN__DUPLICATE_METHOD_MATCH = YES;
				COPY_PHASE_STRIP = NO;
				DEBUG_INFORMATION_FORMAT = "dwarf-with-dsym";
				ENABLE_NS_ASSERTIONS = NO;
				ENABLE_STRICT_OBJC_MSGSEND = YES;
				GCC_C_LANGUAGE_STANDARD = gnu11;
				GCC_NO_COMMON_BLOCKS = YES;
				GCC_WARN_64_TO_32_BIT_CONVERSION = YES;
				GCC_WARN_ABOUT_RETURN_TYPE = YES_ERROR;
				GCC_WARN_UNDECLARED_SELECTOR = YES;
				GCC_WARN_UNINITIALIZED_AUTOS = YES_AGGRESSIVE;
				GCC_WARN_UNUSED_FUNCTION = YES;
				GCC_WARN_UNUSED_VARIABLE = YES;
				IPHONEOS_DEPLOYMENT_TARGET = 14.5;
				MTL_ENABLE_DEBUG_INFO = NO;
				MTL_FAST_MATH = YES;
				SDKROOT = iphoneos;
				SWIFT_COMPILATION_MODE = wholemodule;
				SWIFT_OPTIMIZATION_LEVEL = "-O";
				VALIDATE_PRODUCT = YES;
			};
			name = Release;
		};
		40BB61BD26D4C46B00D08212 /* Debug */ = {
			isa = XCBuildConfiguration;
			buildSettings = {
				ASSETCATALOG_COMPILER_APPICON_NAME = AppIcon;
				ASSETCATALOG_COMPILER_GLOBAL_ACCENT_COLOR_NAME = AccentColor;
				CODE_SIGN_STYLE = Automatic;
				DEVELOPMENT_TEAM = J3S8A9SGQ4;
				INFOPLIST_FILE = Todos/Info.plist;
				LD_RUNPATH_SEARCH_PATHS = (
					"$(inherited)",
					"@executable_path/Frameworks",
				);
				PRODUCT_BUNDLE_IDENTIFIER = com.qyyzxty.Todos;
				PRODUCT_NAME = "$(TARGET_NAME)";
				SWIFT_VERSION = 5.0;
				TARGETED_DEVICE_FAMILY = "1,2";
			};
			name = Debug;
		};
		40BB61BE26D4C46B00D08212 /* Release */ = {
			isa = XCBuildConfiguration;
			buildSettings = {
				ASSETCATALOG_COMPILER_APPICON_NAME = AppIcon;
				ASSETCATALOG_COMPILER_GLOBAL_ACCENT_COLOR_NAME = AccentColor;
				CODE_SIGN_STYLE = Automatic;
				DEVELOPMENT_TEAM = J3S8A9SGQ4;
				INFOPLIST_FILE = Todos/Info.plist;
				LD_RUNPATH_SEARCH_PATHS = (
					"$(inherited)",
					"@executable_path/Frameworks",
				);
				PRODUCT_BUNDLE_IDENTIFIER = com.qyyzxty.Todos;
				PRODUCT_NAME = "$(TARGET_NAME)";
				SWIFT_VERSION = 5.0;
				TARGETED_DEVICE_FAMILY = "1,2";
			};
			name = Release;
		};
/* End XCBuildConfiguration section */

/* Begin XCConfigurationList section */
		40BB61A326D4C46700D08212 /* Build configuration list for PBXProject "Todos" */ = {
			isa = XCConfigurationList;
			buildConfigurations = (
				40BB61BA26D4C46B00D08212 /* Debug */,
				40BB61BB26D4C46B00D08212 /* Release */,
			);
			defaultConfigurationIsVisible = 0;
			defaultConfigurationName = Release;
		};
		40BB61BC26D4C46B00D08212 /* Build configuration list for PBXNativeTarget "Todos" */ = {
			isa = XCConfigurationList;
			buildConfigurations = (
				40BB61BD26D4C46B00D08212 /* Debug */,
				40BB61BE26D4C46B00D08212 /* Release */,
			);
			defaultConfigurationIsVisible = 0;
			defaultConfigurationName = Release;
		};
/* End XCConfigurationList section */

/* Begin XCVersionGroup section */
		405A6E42271E9138008B8480 /* Todo.xcdatamodeld */ = {
			isa = XCVersionGroup;
			children = (
				405A6E43271E9138008B8480 /* Todo.xcdatamodel */,
			);
			currentVersion = 405A6E43271E9138008B8480 /* Todo.xcdatamodel */;
			path = Todo.xcdatamodeld;
			sourceTree = "<group>";
			versionGroupType = wrapper.xcdatamodel;
		};
/* End XCVersionGroup section */
	};
	rootObject = 40BB61A026D4C46700D08212 /* Project object */;
}
